
Microsoft Visual Studio Solution File, Format Version 9.00
# Visual Studio 2005
Project("{FAE04EC0-301F-11D3-BF4B-00C04F79EFBC}") = "GetFirstExample", "GetFirstExample\GetFirstExample2005.csproj", "{0812C1BF-8B8A-4EB9-BFDB-C53176F4213D}"
EndProject
Global
	GlobalSection(SolutionConfigurationPlatforms) = preSolution
		Debug|Any CPU = Debug|Any CPU
		Release|Any CPU = Release|Any CPU
	EndGlobalSection
	GlobalSection(ProjectConfigurationPlatforms) = postSolution
		{0812C1BF-8B8A-4EB9-BFDB-C53176F4213D}.Debug|Any CPU.ActiveCfg = Debug|Any CPU
		{0812C1BF-8B8A-4EB9-BFDB-C53176F4213D}.Debug|Any CPU.Build.0 = Debug|Any CPU
		{0812C1BF-8B8A-4EB9-BFDB-C53176F4213D}.Release|Any CPU.ActiveCfg = Release|Any CPU
		{0812C1BF-8B8A-4EB9-BFDB-C53176F4213D}.Release|Any CPU.Build.0 = Release|Any CPU
	EndGlobalSection
	GlobalSection(SolutionProperties) = preSolution
		HideSolutionNode = FALSE
	EndGlobalSection
EndGlobal
