
Microsoft Visual Studio Solution File, Format Version 9.00
# Visual Studio 2005
# SharpDevelop 4.0.0.5949
Project("{FAE04EC0-301F-11D3-BF4B-00C04F79EFBC}") = "LoginLogoutDemo", "LoginLogoutDemo\LoginLogoutDemo2005.csproj", "{366971AA-B887-484D-87DD-6AEACADAED9D}"
EndProject
Global
	GlobalSection(SolutionConfigurationPlatforms) = preSolution
		Debug|x86 = Debug|x86
		Release|x86 = Release|x86
	EndGlobalSection
	GlobalSection(ProjectConfigurationPlatforms) = postSolution
		{366971AA-B887-484D-87DD-6AEACADAED9D}.Debug|x86.ActiveCfg = Debug|x86
		{366971AA-B887-484D-87DD-6AEACADAED9D}.Debug|x86.Build.0 = Debug|x86
		{366971AA-B887-484D-87DD-6AEACADAED9D}.Release|x86.ActiveCfg = Release|x86
		{366971AA-B887-484D-87DD-6AEACADAED9D}.Release|x86.Build.0 = Release|x86
		{12ABD095-D5AA-4462-AEC2-E5972423F65F}.Debug|x86.Build.0 = Debug|x86
		{12ABD095-D5AA-4462-AEC2-E5972423F65F}.Debug|x86.ActiveCfg = Debug|x86
		{12ABD095-D5AA-4462-AEC2-E5972423F65F}.Release|x86.Build.0 = Release|x86
		{12ABD095-D5AA-4462-AEC2-E5972423F65F}.Release|x86.ActiveCfg = Release|x86
	EndGlobalSection
	GlobalSection(SolutionProperties) = preSolution
		HideSolutionNode = FALSE
	EndGlobalSection
EndGlobal
