
Microsoft Visual Studio Solution File, Format Version 10.00
# Visual Studio 2008
# SharpDevelop 4.0.0.5949
Project("{F184B08F-C81C-45F6-A57F-5ABD9991F28F}") = "DeleteMessageDemo", "DeleteMessageDemo\DeleteMessageDemo.vbproj", "{63CE526E-560B-4CEE-B7BC-143618B4CCEE}"
EndProject
Global
	GlobalSection(SolutionConfigurationPlatforms) = preSolution
		Debug|x86 = Debug|x86
		Release|x86 = Release|x86
	EndGlobalSection
	GlobalSection(ProjectConfigurationPlatforms) = postSolution
		{35B44CE4-8012-4552-A9E5-79BC8593CE89}.Debug|x86.ActiveCfg = Debug|x86
		{35B44CE4-8012-4552-A9E5-79BC8593CE89}.Debug|x86.Build.0 = Debug|x86
		{35B44CE4-8012-4552-A9E5-79BC8593CE89}.Release|x86.ActiveCfg = Release|x86
		{35B44CE4-8012-4552-A9E5-79BC8593CE89}.Release|x86.Build.0 = Release|x86
		{63CE526E-560B-4CEE-B7BC-143618B4CCEE}.Debug|x86.Build.0 = Debug|x86
		{63CE526E-560B-4CEE-B7BC-143618B4CCEE}.Debug|x86.ActiveCfg = Debug|x86
		{63CE526E-560B-4CEE-B7BC-143618B4CCEE}.Release|x86.Build.0 = Release|x86
		{63CE526E-560B-4CEE-B7BC-143618B4CCEE}.Release|x86.ActiveCfg = Release|x86
	EndGlobalSection
	GlobalSection(SolutionProperties) = preSolution
		HideSolutionNode = FALSE
	EndGlobalSection
EndGlobal
