
Microsoft Visual Studio Solution File, Format Version 11.00
# Visual Studio 2010
# SharpDevelop 4.0.0.5949
Project("{FAE04EC0-301F-11D3-BF4B-00C04F79EFBC}") = "ProxyUsageDemo", "ProxyUsageDemo\ProxyUsageDemo.csproj", "{A5D18D16-73B3-42A5-A533-3677F49BEB48}"
EndProject
Global
	GlobalSection(SolutionConfigurationPlatforms) = preSolution
		Debug|x86 = Debug|x86
		Release|x86 = Release|x86
	EndGlobalSection
	GlobalSection(ProjectConfigurationPlatforms) = postSolution
		{A5D18D16-73B3-42A5-A533-3677F49BEB48}.Debug|x86.ActiveCfg = Debug|x86
		{A5D18D16-73B3-42A5-A533-3677F49BEB48}.Debug|x86.Build.0 = Debug|x86
		{A5D18D16-73B3-42A5-A533-3677F49BEB48}.Release|x86.ActiveCfg = Release|x86
		{A5D18D16-73B3-42A5-A533-3677F49BEB48}.Release|x86.Build.0 = Release|x86
		{0F8B20B6-FFE0-44BD-8D7C-C1D1C3263881}.Debug|x86.Build.0 = Debug|x86
		{0F8B20B6-FFE0-44BD-8D7C-C1D1C3263881}.Debug|x86.ActiveCfg = Debug|x86
		{0F8B20B6-FFE0-44BD-8D7C-C1D1C3263881}.Release|x86.Build.0 = Release|x86
		{0F8B20B6-FFE0-44BD-8D7C-C1D1C3263881}.Release|x86.ActiveCfg = Release|x86
	EndGlobalSection
	GlobalSection(SolutionProperties) = preSolution
		HideSolutionNode = FALSE
	EndGlobalSection
EndGlobal
