
Microsoft Visual Studio Solution File, Format Version 11.00
# Visual Studio 2010
# SharpDevelop 4.0.0.5949
Project("{F184B08F-C81C-45F6-A57F-5ABD9991F28F}") = "SendWithAttachmentDemo", "SendWithAttachmentDemo\SendWithAttachmentDemo.vbproj", "{AE27E0E2-F740-4BFB-B75B-9AD27CE046D0}"
EndProject
Global
	GlobalSection(SolutionConfigurationPlatforms) = preSolution
		Debug|x86 = Debug|x86
		Release|x86 = Release|x86
	EndGlobalSection
	GlobalSection(ProjectConfigurationPlatforms) = postSolution
		{DBDD4137-404D-4BDC-B447-C33E9CD19852}.Debug|x86.ActiveCfg = Debug|x86
		{DBDD4137-404D-4BDC-B447-C33E9CD19852}.Debug|x86.Build.0 = Debug|x86
		{DBDD4137-404D-4BDC-B447-C33E9CD19852}.Release|x86.ActiveCfg = Release|x86
		{DBDD4137-404D-4BDC-B447-C33E9CD19852}.Release|x86.Build.0 = Release|x86
		{AE27E0E2-F740-4BFB-B75B-9AD27CE046D0}.Debug|x86.Build.0 = Debug|x86
		{AE27E0E2-F740-4BFB-B75B-9AD27CE046D0}.Debug|x86.ActiveCfg = Debug|x86
		{AE27E0E2-F740-4BFB-B75B-9AD27CE046D0}.Release|x86.Build.0 = Release|x86
		{AE27E0E2-F740-4BFB-B75B-9AD27CE046D0}.Release|x86.ActiveCfg = Release|x86
	EndGlobalSection
	GlobalSection(SolutionProperties) = preSolution
		HideSolutionNode = FALSE
	EndGlobalSection
EndGlobal
