
Microsoft Visual Studio Solution File, Format Version 11.00
# Visual Studio 2010
# SharpDevelop 4.0.0.5949
Project("{F184B08F-C81C-45F6-A57F-5ABD9991F28F}") = "SendToSeveralDemo", "SendToSeveralDemo\SendToSeveralDemo.vbproj", "{8EA3E308-C893-4BDD-9F9C-55EB75236AF5}"
EndProject
Global
	GlobalSection(SolutionConfigurationPlatforms) = preSolution
		Debug|x86 = Debug|x86
		Release|x86 = Release|x86
	EndGlobalSection
	GlobalSection(ProjectConfigurationPlatforms) = postSolution
		{C4752F5F-539F-4DCE-83F9-A45B4E8DD08B}.Debug|x86.ActiveCfg = Debug|x86
		{C4752F5F-539F-4DCE-83F9-A45B4E8DD08B}.Debug|x86.Build.0 = Debug|x86
		{C4752F5F-539F-4DCE-83F9-A45B4E8DD08B}.Release|x86.ActiveCfg = Release|x86
		{C4752F5F-539F-4DCE-83F9-A45B4E8DD08B}.Release|x86.Build.0 = Release|x86
		{8EA3E308-C893-4BDD-9F9C-55EB75236AF5}.Debug|x86.Build.0 = Debug|x86
		{8EA3E308-C893-4BDD-9F9C-55EB75236AF5}.Debug|x86.ActiveCfg = Debug|x86
		{8EA3E308-C893-4BDD-9F9C-55EB75236AF5}.Release|x86.Build.0 = Release|x86
		{8EA3E308-C893-4BDD-9F9C-55EB75236AF5}.Release|x86.ActiveCfg = Release|x86
	EndGlobalSection
	GlobalSection(SolutionProperties) = preSolution
		HideSolutionNode = FALSE
	EndGlobalSection
EndGlobal
