
Microsoft Visual Studio Solution File, Format Version 11.00
# Visual Studio 2010
# SharpDevelop 4.0.0.5949
Project("{F184B08F-C81C-45F6-A57F-5ABD9991F28F}") = "LoginLogoutDemo", "LoginLogoutDemo\LoginLogoutDemo.vbproj", "{12ABD095-D5AA-4462-AEC2-E5972423F65F}"
EndProject
Global
	GlobalSection(SolutionConfigurationPlatforms) = preSolution
		Debug|x86 = Debug|x86
		Release|x86 = Release|x86
	EndGlobalSection
	GlobalSection(ProjectConfigurationPlatforms) = postSolution
		{366971AA-B887-484D-87DD-6AEACADAED9D}.Debug|x86.ActiveCfg = Debug|x86
		{366971AA-B887-484D-87DD-6AEACADAED9D}.Debug|x86.Build.0 = Debug|x86
		{366971AA-B887-484D-87DD-6AEACADAED9D}.Release|x86.ActiveCfg = Release|x86
		{366971AA-B887-484D-87DD-6AEACADAED9D}.Release|x86.Build.0 = Release|x86
		{12ABD095-D5AA-4462-AEC2-E5972423F65F}.Debug|x86.Build.0 = Debug|x86
		{12ABD095-D5AA-4462-AEC2-E5972423F65F}.Debug|x86.ActiveCfg = Debug|x86
		{12ABD095-D5AA-4462-AEC2-E5972423F65F}.Release|x86.Build.0 = Release|x86
		{12ABD095-D5AA-4462-AEC2-E5972423F65F}.Release|x86.ActiveCfg = Release|x86
	EndGlobalSection
	GlobalSection(SolutionProperties) = preSolution
		HideSolutionNode = FALSE
	EndGlobalSection
EndGlobal
