
Microsoft Visual Studio Solution File, Format Version 11.00
# Visual Studio 2010
# SharpDevelop 4.0.0.5949
Project("{F184B08F-C81C-45F6-A57F-5ABD9991F28F}") = "SendSeveralDemo", "SendSeveralDemo\SendSeveralDemo.vbproj", "{4C0C5888-AFAB-4E1E-89A1-722605953959}"
EndProject
Global
	GlobalSection(SolutionConfigurationPlatforms) = preSolution
		Debug|x86 = Debug|x86
		Release|x86 = Release|x86
	EndGlobalSection
	GlobalSection(ProjectConfigurationPlatforms) = postSolution
		{F8557BE1-BAE4-4A52-874F-A8AF2229B0FE}.Debug|x86.ActiveCfg = Debug|x86
		{F8557BE1-BAE4-4A52-874F-A8AF2229B0FE}.Debug|x86.Build.0 = Debug|x86
		{F8557BE1-BAE4-4A52-874F-A8AF2229B0FE}.Release|x86.ActiveCfg = Release|x86
		{F8557BE1-BAE4-4A52-874F-A8AF2229B0FE}.Release|x86.Build.0 = Release|x86
		{4C0C5888-AFAB-4E1E-89A1-722605953959}.Debug|x86.Build.0 = Debug|x86
		{4C0C5888-AFAB-4E1E-89A1-722605953959}.Debug|x86.ActiveCfg = Debug|x86
		{4C0C5888-AFAB-4E1E-89A1-722605953959}.Release|x86.Build.0 = Release|x86
		{4C0C5888-AFAB-4E1E-89A1-722605953959}.Release|x86.ActiveCfg = Release|x86
	EndGlobalSection
	GlobalSection(SolutionProperties) = preSolution
		HideSolutionNode = FALSE
	EndGlobalSection
EndGlobal
